{
    "_readme": [
        "This file locks the dependencies of your project to a known state",
        "Read more about it at https://getcomposer.org/doc/01-basic-usage.md#installing-dependencies",
        "This file is @generated automatically"
    ],
    "content-hash": "a9605bea31820bc73c4bd7d142cbba7c",
    "packages": [
        {
            "name": "marc1706/phpbb-text-shortener",
            "version": "v0.3.0",
            "source": {
                "type": "git",
                "url": "https://github.com/marc1706/phpbb-text-shortener.git",
                "reference": "9f0e4a7ae1a203cc73697f95a4d3bd3f3ff14d69"
            },
            "dist": {
                "type": "zip",
                "url": "https://api.github.com/repos/marc1706/phpbb-text-shortener/zipball/9f0e4a7ae1a203cc73697f95a4d3bd3f3ff14d69",
                "reference": "9f0e4a7ae1a203cc73697f95a4d3bd3f3ff14d69",
                "shasum": ""
            },
            "require": {
                "php": ">=7.1.3"
            },
            "require-dev": {
                "phpunit/phpunit": "^7.0",
                "symfony/yaml": "~3.4"
            },
            "type": "library",
            "autoload": {
                "psr-4": {
                    "Marc1706\\TextShortener\\": "src",
                    "Marc1706\\TextShortener\\tests\\": "tests"
                }
            },
            "notification-url": "https://packagist.org/downloads/",
            "license": [
                "MIT"
            ],
            "authors": [
                {
                    "name": "Marc Alexander",
                    "email": "admin@m-a-styles.de",
                    "homepage": "https://www.m-a-styles.de",
                    "role": "Developer"
                }
            ],
            "description": "Library for shortening post text in phpBB 3.2.x",
            "homepage": "https://www.m-a-styles.de",
            "keywords": [
                "bbcode",
                "extension",
                "extensions",
                "minify",
                "php",
                "phpbb",
                "post",
                "shortening"
            ],
            "support": {
                "issues": "https://github.com/marc1706/phpbb-text-shortener/issues",
                "source": "https://github.com/marc1706/phpbb-text-shortener/tree/v0.3.0"
            },
            "time": "2023-02-07T19:46:11+00:00"
        }
    ],
    "packages-dev": [],
    "aliases": [],
    "minimum-stability": "stable",
    "stability-flags": [],
    "prefer-stable": false,
    "prefer-lowest": false,
    "platform": {
        "php": ">=7.1.0,<8.3.0"
    },
    "platform-dev": [],
    "plugin-api-version": "1.1.0"
}
